
Microsoft Visual Studio Solution File, Format Version 12.00
# Visual Studio Version 17
VisualStudioVersion = 17.4.33103.184
MinimumVisualStudioVersion = 10.0.40219.1
Project("{8BC9CEB8-8B4A-11D0-8D11-00A0C91BC942}") = "Mocny_KNUT_11_1_2_Final", "Mocny_KNUT_11_1_2_Final\Mocny_KNUT_11_1_2_Final.vcxproj", "{F46D6BD9-12DE-4B4D-BC65-260B204F6DB2}"
EndProject
Global
	GlobalSection(SolutionConfigurationPlatforms) = preSolution
		Debug|x64 = Debug|x64
		Debug|x86 = Debug|x86
		Release|x64 = Release|x64
		Release|x86 = Release|x86
	EndGlobalSection
	GlobalSection(ProjectConfigurationPlatforms) = postSolution
		{F46D6BD9-12DE-4B4D-BC65-260B204F6DB2}.Debug|x64.ActiveCfg = Debug|x64
		{F46D6BD9-12DE-4B4D-BC65-260B204F6DB2}.Debug|x64.Build.0 = Debug|x64
		{F46D6BD9-12DE-4B4D-BC65-260B204F6DB2}.Debug|x86.ActiveCfg = Debug|Win32
		{F46D6BD9-12DE-4B4D-BC65-260B204F6DB2}.Debug|x86.Build.0 = Debug|Win32
		{F46D6BD9-12DE-4B4D-BC65-260B204F6DB2}.Release|x64.ActiveCfg = Release|x64
		{F46D6BD9-12DE-4B4D-BC65-260B204F6DB2}.Release|x64.Build.0 = Release|x64
		{F46D6BD9-12DE-4B4D-BC65-260B204F6DB2}.Release|x86.ActiveCfg = Release|Win32
		{F46D6BD9-12DE-4B4D-BC65-260B204F6DB2}.Release|x86.Build.0 = Release|Win32
	EndGlobalSection
	GlobalSection(SolutionProperties) = preSolution
		HideSolutionNode = FALSE
	EndGlobalSection
	GlobalSection(ExtensibilityGlobals) = postSolution
		SolutionGuid = {D0DCCC1A-5388-4A73-BD1F-0DE0523556CC}
	EndGlobalSection
EndGlobal
